<?xml version="1.0" encoding="utf-8"?>
<Project ToolsVersion="4.0" xmlns="http://schemas.microsoft.com/developer/msbuild/2003">
  <ItemGroup>
    <Filter Include="Source Files">
      <UniqueIdentifier>{4FC737F1-C7A5-4376-A066-2A32D752A2FF}</UniqueIdentifier>
      <Extensions>cpp;c;cc;cxx;def;odl;idl;hpj;bat;asm;asmx</Extensions>
    </Filter>
    <Filter Include="Header Files">
      <UniqueIdentifier>{93995380-89BD-4b04-88EB-625FBE52EBFB}</UniqueIdentifier>
      <Extensions>h;hpp;hxx;hm;inl;inc;xsd</Extensions>
    </Filter>
    <Filter Include="Resource Files">
      <UniqueIdentifier>{67DA6AB6-F800-4c08-8B7A-83BB121AAD01}</UniqueIdentifier>
      <Extensions>rc;ico;cur;bmp;dlg;rc2;rct;bin;rgs;gif;jpg;jpeg;jpe;resx;tiff;tif;png;wav;mfcribbon-ms</Extensions>
    </Filter>
    <Filter Include="Header Files\Tests">
      <UniqueIdentifier>{eff10709-82db-47fe-b04c-89c4a9c5c3c6}</UniqueIdentifier>
    </Filter>
    <Filter Include="Source Files\Tests">
      <UniqueIdentifier>{0e619ebd-fea3-4b73-a57c-f3749882aa85}</UniqueIdentifier>
    </Filter>
    <Filter Include="Source Files\SistemasParticulas">
      <UniqueIdentifier>{9857ad0b-5199-4d38-861e-c37b00535ecd}</UniqueIdentifier>
    </Filter>
    <Filter Include="Header Files\SistemasParticulas">
      <UniqueIdentifier>{0ff28da6-26a7-4d6a-9fc4-357a369106f4}</UniqueIdentifier>
    </Filter>
    <Filter Include="Header Files\Obj">
      <UniqueIdentifier>{b93b4b5b-6be1-49a8-8ca7-ac74ab77eea3}</UniqueIdentifier>
    </Filter>
  </ItemGroup>
  <ItemGroup>
    <ClCompile Include="main.cpp">
      <Filter>Source Files</Filter>
    </ClCompile>
    <ClCompile Include="PuntoVector3D.cpp">
      <Filter>Source Files</Filter>
    </ClCompile>
    <ClCompile Include="particulas.cpp">
      <Filter>Source Files</Filter>
    </ClCompile>
    <ClCompile Include="Objeto3D.cpp">
      <Filter>Source Files</Filter>
    </ClCompile>
    <ClCompile Include="Test1.cpp">
      <Filter>Source Files\Tests</Filter>
    </ClCompile>
    <ClCompile Include="Test2.cpp">
      <Filter>Source Files\Tests</Filter>
    </ClCompile>
    <ClCompile Include="Test0.cpp">
      <Filter>Source Files\Tests</Filter>
    </ClCompile>
    <ClCompile Include="Test3.cpp">
      <Filter>Source Files\Tests</Filter>
    </ClCompile>
    <ClCompile Include="Explosion.cpp">
      <Filter>Source Files\SistemasParticulas</Filter>
    </ClCompile>
    <ClCompile Include="FireWorks.cpp">
      <Filter>Source Files\SistemasParticulas</Filter>
    </ClCompile>
    <ClCompile Include="Fuego.cpp">
      <Filter>Source Files\SistemasParticulas</Filter>
    </ClCompile>
    <ClCompile Include="Fuente.cpp">
      <Filter>Source Files\SistemasParticulas</Filter>
    </ClCompile>
    <ClCompile Include="LLuviaParticulas.cpp">
      <Filter>Source Files\SistemasParticulas</Filter>
    </ClCompile>
    <ClCompile Include="Test4.cpp">
      <Filter>Source Files\Tests</Filter>
    </ClCompile>
    <ClCompile Include="MATH3D.CPP">
      <Filter>Source Files</Filter>
    </ClCompile>
    <ClCompile Include="Source.cpp">
      <Filter>Source Files</Filter>
    </ClCompile>
    <ClCompile Include="TAfin.cpp">
      <Filter>Source Files</Filter>
    </ClCompile>
    <ClCompile Include="Test7.cpp">
      <Filter>Source Files</Filter>
    </ClCompile>
  </ItemGroup>
  <ItemGroup>
    <ClInclude Include="PuntoVector3D.h">
      <Filter>Header Files</Filter>
    </ClInclude>
    <ClInclude Include="particulas.h">
      <Filter>Header Files</Filter>
    </ClInclude>
    <ClInclude Include="world.h">
      <Filter>Header Files</Filter>
    </ClInclude>
    <ClInclude Include="Objeto3D.h">
      <Filter>Header Files</Filter>
    </ClInclude>
    <ClInclude Include="Test1.h">
      <Filter>Header Files\Tests</Filter>
    </ClInclude>
    <ClInclude Include="Test2.h">
      <Filter>Header Files\Tests</Filter>
    </ClInclude>
    <ClInclude Include="Test0.h">
      <Filter>Header Files\Tests</Filter>
    </ClInclude>
    <ClInclude Include="Test3.h">
      <Filter>Header Files\Tests</Filter>
    </ClInclude>
    <ClInclude Include="Explosion.h">
      <Filter>Header Files\SistemasParticulas</Filter>
    </ClInclude>
    <ClInclude Include="FireWorks.h">
      <Filter>Header Files\SistemasParticulas</Filter>
    </ClInclude>
    <ClInclude Include="Fuego.h">
      <Filter>Header Files\SistemasParticulas</Filter>
    </ClInclude>
    <ClInclude Include="Fuente.h">
      <Filter>Header Files\SistemasParticulas</Filter>
    </ClInclude>
    <ClInclude Include="LLuviaParticulas.h">
      <Filter>Header Files\SistemasParticulas</Filter>
    </ClInclude>
    <ClInclude Include="Test4.h">
      <Filter>Header Files\Tests</Filter>
    </ClInclude>
    <ClInclude Include="MATH3D.H">
      <Filter>Header Files</Filter>
    </ClInclude>
    <ClInclude Include="RigidBody.h">
      <Filter>Header Files</Filter>
    </ClInclude>
    <ClInclude Include="TAfin.h">
      <Filter>Header Files</Filter>
    </ClInclude>
    <ClInclude Include="Test5.h">
      <Filter>Header Files\Tests</Filter>
    </ClInclude>
    <ClInclude Include="Test7.h">
      <Filter>Header Files</Filter>
    </ClInclude>
    <ClInclude Include="LectorObj.h">
      <Filter>Header Files</Filter>
    </ClInclude>
    <ClInclude Include="Malla.h">
      <Filter>Header Files</Filter>
    </ClInclude>
    <ClInclude Include="Cara.h">
      <Filter>Header Files</Filter>
    </ClInclude>
    <ClInclude Include="VerticeNormal.h">
      <Filter>Header Files</Filter>
    </ClInclude>
  </ItemGroup>
  <ItemGroup>
    <Text Include="glm\CMakeLists.txt" />
  </ItemGroup>
</Project>