<?xml version="1.0" encoding="utf-8"?>
<Project ToolsVersion="4.0" xmlns="http://schemas.microsoft.com/developer/msbuild/2003">
  <ItemGroup>
    <Filter Include="Source Files">
      <UniqueIdentifier>{4FC737F1-C7A5-4376-A066-2A32D752A2FF}</UniqueIdentifier>
      <Extensions>cpp;c;cc;cxx;def;odl;idl;hpj;bat;asm;asmx</Extensions>
    </Filter>
    <Filter Include="Header Files">
      <UniqueIdentifier>{93995380-89BD-4b04-88EB-625FBE52EBFB}</UniqueIdentifier>
      <Extensions>h;hpp;hxx;hm;inl;inc;xsd</Extensions>
    </Filter>
    <Filter Include="Resource Files">
      <UniqueIdentifier>{67DA6AB6-F800-4c08-8B7A-83BB121AAD01}</UniqueIdentifier>
      <Extensions>rc;ico;cur;bmp;dlg;rc2;rct;bin;rgs;gif;jpg;jpeg;jpe;resx;tiff;tif;png;wav;mfcribbon-ms</Extensions>
    </Filter>
    <Filter Include="Header Files\Tests">
      <UniqueIdentifier>{eff10709-82db-47fe-b04c-89c4a9c5c3c6}</UniqueIdentifier>
    </Filter>
    <Filter Include="Source Files\Tests">
      <UniqueIdentifier>{0e619ebd-fea3-4b73-a57c-f3749882aa85}</UniqueIdentifier>
    </Filter>
  </ItemGroup>
  <ItemGroup>
    <ClCompile Include="main.cpp">
      <Filter>Source Files</Filter>
    </ClCompile>
    <ClCompile Include="PuntoVector3D.cpp">
      <Filter>Source Files</Filter>
    </ClCompile>
    <ClCompile Include="particulas.cpp">
      <Filter>Source Files</Filter>
    </ClCompile>
    <ClCompile Include="Objeto3D.cpp">
      <Filter>Source Files</Filter>
    </ClCompile>
    <ClCompile Include="Fuego.cpp">
      <Filter>Source Files</Filter>
    </ClCompile>
    <ClCompile Include="Fuente.cpp">
      <Filter>Source Files</Filter>
    </ClCompile>
    <ClCompile Include="Test1.cpp">
      <Filter>Source Files\Tests</Filter>
    </ClCompile>
    <ClCompile Include="Test2.cpp">
      <Filter>Source Files\Tests</Filter>
    </ClCompile>
    <ClCompile Include="Test0.cpp">
      <Filter>Source Files\Tests</Filter>
    </ClCompile>
    <ClCompile Include="LLuviaParticulas.cpp">
      <Filter>Source Files</Filter>
    </ClCompile>
    <ClCompile Include="Explosion.cpp">
      <Filter>Source Files</Filter>
    </ClCompile>
    <ClCompile Include="Test3.cpp">
      <Filter>Source Files\Tests</Filter>
    </ClCompile>
    <ClCompile Include="Test4.cpp">
      <Filter>Source Files</Filter>
    </ClCompile>
    <ClCompile Include="FireWorks.cpp">
      <Filter>Source Files</Filter>
    </ClCompile>
    <ClCompile Include="TiradorSolidos.cpp">
      <Filter>Source Files</Filter>
    </ClCompile>
    <ClCompile Include="Test5.cpp">
      <Filter>Source Files</Filter>
    </ClCompile>
    <ClCompile Include="Rigidbody.cpp">
      <Filter>Source Files</Filter>
    </ClCompile>
    <ClCompile Include="Malla.cpp">
      <Filter>Source Files</Filter>
    </ClCompile>
    <ClCompile Include="Cara.cpp">
      <Filter>Source Files</Filter>
    </ClCompile>
    <ClCompile Include="VerticeNormal.cpp">
      <Filter>Source Files</Filter>
    </ClCompile>
    <ClCompile Include="TAfin.cpp">
      <Filter>Source Files</Filter>
    </ClCompile>
    <ClCompile Include="Cubo.cpp">
      <Filter>Source Files</Filter>
    </ClCompile>
    <ClCompile Include="CentroMasa.cpp">
      <Filter>Source Files</Filter>
    </ClCompile>
    <ClCompile Include="Test6.cpp">
      <Filter>Source Files</Filter>
    </ClCompile>
    <ClCompile Include="SimulaColision2D.cpp">
      <Filter>Source Files</Filter>
    </ClCompile>
  </ItemGroup>
  <ItemGroup>
    <ClInclude Include="PuntoVector3D.h">
      <Filter>Header Files</Filter>
    </ClInclude>
    <ClInclude Include="particulas.h">
      <Filter>Header Files</Filter>
    </ClInclude>
    <ClInclude Include="world.h">
      <Filter>Header Files</Filter>
    </ClInclude>
    <ClInclude Include="Objeto3D.h">
      <Filter>Header Files</Filter>
    </ClInclude>
    <ClInclude Include="Fuego.h">
      <Filter>Header Files</Filter>
    </ClInclude>
    <ClInclude Include="Fuente.h">
      <Filter>Header Files</Filter>
    </ClInclude>
    <ClInclude Include="Test1.h">
      <Filter>Header Files\Tests</Filter>
    </ClInclude>
    <ClInclude Include="Test2.h">
      <Filter>Header Files\Tests</Filter>
    </ClInclude>
    <ClInclude Include="Test0.h">
      <Filter>Header Files\Tests</Filter>
    </ClInclude>
    <ClInclude Include="LLuviaParticulas.h">
      <Filter>Header Files</Filter>
    </ClInclude>
    <ClInclude Include="Explosion.h">
      <Filter>Header Files</Filter>
    </ClInclude>
    <ClInclude Include="Test3.h">
      <Filter>Header Files\Tests</Filter>
    </ClInclude>
    <ClInclude Include="Test4.h">
      <Filter>Header Files</Filter>
    </ClInclude>
    <ClInclude Include="FireWorks.h">
      <Filter>Header Files</Filter>
    </ClInclude>
    <ClInclude Include="TiradorSolidos.h">
      <Filter>Header Files</Filter>
    </ClInclude>
    <ClInclude Include="Test5.h">
      <Filter>Header Files</Filter>
    </ClInclude>
    <ClInclude Include="Rigidbody.h">
      <Filter>Header Files</Filter>
    </ClInclude>
    <ClInclude Include="Malla.h">
      <Filter>Header Files</Filter>
    </ClInclude>
    <ClInclude Include="Cara.h">
      <Filter>Header Files</Filter>
    </ClInclude>
    <ClInclude Include="VerticeNormal.h">
      <Filter>Header Files</Filter>
    </ClInclude>
    <ClInclude Include="TAfin.h">
      <Filter>Header Files</Filter>
    </ClInclude>
    <ClInclude Include="Cubo.h">
      <Filter>Header Files</Filter>
    </ClInclude>
    <ClInclude Include="CentroMasa.h">
      <Filter>Header Files</Filter>
    </ClInclude>
    <ClInclude Include="Test6.h">
      <Filter>Header Files</Filter>
    </ClInclude>
    <ClInclude Include="SimulaColision2D.h">
      <Filter>Header Files</Filter>
    </ClInclude>
  </ItemGroup>
</Project>